// !$*UTF8*$!
{
	archiveVersion = 1;
	classes = {
	};
	objectVersion = 42;
	objects = {

/* Begin PBXBuildFile section */
		4A1C9D6E1279696100537579 /* Spell.h in Copy Frameworks */ = {isa = PBXBuildFile; fileRef = 4A1C9D6C1279696100537579 /* Spell.h */; };
		4A1C9D6F1279696100537579 /* Spell.cpp in Sources */ = {isa = PBXBuildFile; fileRef = 4A1C9D6D1279696100537579 /* Spell.cpp */; };
		4A1C9D9712796B9A00537579 /* FlyingStar.h in Copy Frameworks */ = {isa = PBXBuildFile; fileRef = 4A1C9D9512796B9A00537579 /* FlyingStar.h */; };
		4A1C9D9812796B9A00537579 /* FlyingStar.cpp in Sources */ = {isa = PBXBuildFile; fileRef = 4A1C9D9612796B9A00537579 /* FlyingStar.cpp */; };
		4A56B46D127451A800FC7963 /* define.h in Copy Frameworks */ = {isa = PBXBuildFile; fileRef = 4A56B46C127451A800FC7963 /* define.h */; };
		4A56B4721274540400FC7963 /* TileMap.h in Copy Frameworks */ = {isa = PBXBuildFile; fileRef = 4A56B4701274540400FC7963 /* TileMap.h */; };
		4A56B4731274540400FC7963 /* TileMap.cpp in Sources */ = {isa = PBXBuildFile; fileRef = 4A56B4711274540400FC7963 /* TileMap.cpp */; };
		4A7EF7891274E85200A6DD0B /* tinystr.cpp in Sources */ = {isa = PBXBuildFile; fileRef = 4A7EF7871274E85200A6DD0B /* tinystr.cpp */; };
		4A7EF78A1274E85200A6DD0B /* tinystr.h in Copy Frameworks */ = {isa = PBXBuildFile; fileRef = 4A7EF7881274E85200A6DD0B /* tinystr.h */; };
		4A7EF7901274E87E00A6DD0B /* tinyxml.cpp in Sources */ = {isa = PBXBuildFile; fileRef = 4A7EF78B1274E87E00A6DD0B /* tinyxml.cpp */; };
		4A7EF7911274E87E00A6DD0B /* tinyxml.h in Copy Frameworks */ = {isa = PBXBuildFile; fileRef = 4A7EF78C1274E87E00A6DD0B /* tinyxml.h */; };
		4A7EF7921274E87E00A6DD0B /* tinyxmlerror.cpp in Sources */ = {isa = PBXBuildFile; fileRef = 4A7EF78D1274E87E00A6DD0B /* tinyxmlerror.cpp */; };
		4A7EF7931274E87E00A6DD0B /* tinyxmlparser.cpp in Sources */ = {isa = PBXBuildFile; fileRef = 4A7EF78E1274E87E00A6DD0B /* tinyxmlparser.cpp */; };
		4A8C149E1275B75E00EA02C7 /* Data in Resources */ = {isa = PBXBuildFile; fileRef = 4A8C14881275B75E00EA02C7 /* Data */; };
		4A93FF561274610300DBC6F8 /* ImageManager.h in Copy Frameworks */ = {isa = PBXBuildFile; fileRef = 4A93FF541274610300DBC6F8 /* ImageManager.h */; };
		4A93FF571274610300DBC6F8 /* ImageManager.cpp in Sources */ = {isa = PBXBuildFile; fileRef = 4A93FF551274610300DBC6F8 /* ImageManager.cpp */; };
		4A93FF651274652E00DBC6F8 /* AnimatedSprite.h in Copy Frameworks */ = {isa = PBXBuildFile; fileRef = 4A93FF631274652E00DBC6F8 /* AnimatedSprite.h */; };
		4A93FF661274652E00DBC6F8 /* AnimatedSprite.cpp in Sources */ = {isa = PBXBuildFile; fileRef = 4A93FF641274652E00DBC6F8 /* AnimatedSprite.cpp */; };
		4AA0058D1279DF95007CA3D1 /* Collisionable.h in Copy Frameworks */ = {isa = PBXBuildFile; fileRef = 4AA0058B1279DF95007CA3D1 /* Collisionable.h */; };
		4AA0058E1279DF95007CA3D1 /* Collisionable.cpp in Sources */ = {isa = PBXBuildFile; fileRef = 4AA0058C1279DF95007CA3D1 /* Collisionable.cpp */; };
		4AA005BB1279E2E7007CA3D1 /* CollisionManager.h in Copy Frameworks */ = {isa = PBXBuildFile; fileRef = 4AA005B91279E2E7007CA3D1 /* CollisionManager.h */; };
		4AA005BC1279E2E7007CA3D1 /* CollisionManager.cpp in Sources */ = {isa = PBXBuildFile; fileRef = 4AA005BA1279E2E7007CA3D1 /* CollisionManager.cpp */; };
		4AC99C4512748E0C0052173D /* Wizard.h in Copy Frameworks */ = {isa = PBXBuildFile; fileRef = 4AC99C4312748E0C0052173D /* Wizard.h */; };
		4AC99C4612748E0C0052173D /* Wizard.cpp in Sources */ = {isa = PBXBuildFile; fileRef = 4AC99C4412748E0C0052173D /* Wizard.cpp */; };
		4AE491E8127AC4AC007D1DC7 /* Rune.h in Copy Frameworks */ = {isa = PBXBuildFile; fileRef = 4AE491E6127AC4AC007D1DC7 /* Rune.h */; };
		4AE491E9127AC4AC007D1DC7 /* Rune.cpp in Sources */ = {isa = PBXBuildFile; fileRef = 4AE491E7127AC4AC007D1DC7 /* Rune.cpp */; };
		4AE492D6127B2383007D1DC7 /* SpeedBuff.h in Copy Frameworks */ = {isa = PBXBuildFile; fileRef = 4AE492D4127B2383007D1DC7 /* SpeedBuff.h */; };
		4AE492D7127B2383007D1DC7 /* SpeedBuff.cpp in Sources */ = {isa = PBXBuildFile; fileRef = 4AE492D5127B2383007D1DC7 /* SpeedBuff.cpp */; };
		4AE493C0127B337E007D1DC7 /* Teleportation.h in Copy Frameworks */ = {isa = PBXBuildFile; fileRef = 4AE493BE127B337E007D1DC7 /* Teleportation.h */; };
		4AE493C1127B337E007D1DC7 /* Teleportation.cpp in Sources */ = {isa = PBXBuildFile; fileRef = 4AE493BF127B337E007D1DC7 /* Teleportation.cpp */; };
		A0072ADE0F1D0EC500B4A594 /* sfml-system.framework in Copy Frameworks */ = {isa = PBXBuildFile; fileRef = A01FB6CB0F07CFF2000AAC7B /* sfml-system.framework */; };
		A0072ADF0F1D0EC500B4A594 /* sfml-window.framework in Copy Frameworks */ = {isa = PBXBuildFile; fileRef = A01FB6CC0F07CFF2000AAC7B /* sfml-window.framework */; };
		A0072AE00F1D0EC500B4A594 /* sfml-graphics.framework in Copy Frameworks */ = {isa = PBXBuildFile; fileRef = A01FB6CA0F07CFF2000AAC7B /* sfml-graphics.framework */; };
		A01FB6C90F07CFCE000AAC7B /* main.cpp in Sources */ = {isa = PBXBuildFile; fileRef = A01FB6C80F07CFCE000AAC7B /* main.cpp */; };
		A01FB6CE0F07CFF2000AAC7B /* sfml-graphics.framework in Frameworks */ = {isa = PBXBuildFile; fileRef = A01FB6CA0F07CFF2000AAC7B /* sfml-graphics.framework */; };
		A01FB6CF0F07CFF2000AAC7B /* sfml-system.framework in Frameworks */ = {isa = PBXBuildFile; fileRef = A01FB6CB0F07CFF2000AAC7B /* sfml-system.framework */; };
		A01FB6D00F07CFF2000AAC7B /* sfml-window.framework in Frameworks */ = {isa = PBXBuildFile; fileRef = A01FB6CC0F07CFF2000AAC7B /* sfml-window.framework */; };
/* End PBXBuildFile section */

/* Begin PBXCopyFilesBuildPhase section */
		A0072AF00F1D0EDD00B4A594 /* Copy Frameworks */ = {
			isa = PBXCopyFilesBuildPhase;
			buildActionMask = 2147483647;
			dstPath = "";
			dstSubfolderSpec = 10;
			files = (
				A0072ADE0F1D0EC500B4A594 /* sfml-system.framework in Copy Frameworks */,
				A0072ADF0F1D0EC500B4A594 /* sfml-window.framework in Copy Frameworks */,
				A0072AE00F1D0EC500B4A594 /* sfml-graphics.framework in Copy Frameworks */,
				4A56B46D127451A800FC7963 /* define.h in Copy Frameworks */,
				4A56B4721274540400FC7963 /* TileMap.h in Copy Frameworks */,
				4A93FF561274610300DBC6F8 /* ImageManager.h in Copy Frameworks */,
				4A93FF651274652E00DBC6F8 /* AnimatedSprite.h in Copy Frameworks */,
				4AC99C4512748E0C0052173D /* Wizard.h in Copy Frameworks */,
				4A7EF78A1274E85200A6DD0B /* tinystr.h in Copy Frameworks */,
				4A7EF7911274E87E00A6DD0B /* tinyxml.h in Copy Frameworks */,
				4A1C9D6E1279696100537579 /* Spell.h in Copy Frameworks */,
				4A1C9D9712796B9A00537579 /* FlyingStar.h in Copy Frameworks */,
				4AA0058D1279DF95007CA3D1 /* Collisionable.h in Copy Frameworks */,
				4AA005BB1279E2E7007CA3D1 /* CollisionManager.h in Copy Frameworks */,
				4AE491E8127AC4AC007D1DC7 /* Rune.h in Copy Frameworks */,
				4AE492D6127B2383007D1DC7 /* SpeedBuff.h in Copy Frameworks */,
				4AE493C0127B337E007D1DC7 /* Teleportation.h in Copy Frameworks */,
			);
			name = "Copy Frameworks";
			runOnlyForDeploymentPostprocessing = 0;
		};
/* End PBXCopyFilesBuildPhase section */

/* Begin PBXFileReference section */
		4A1C9D6C1279696100537579 /* Spell.h */ = {isa = PBXFileReference; fileEncoding = 4; lastKnownFileType = sourcecode.c.h; path = Spell.h; sourceTree = "<group>"; };
		4A1C9D6D1279696100537579 /* Spell.cpp */ = {isa = PBXFileReference; fileEncoding = 4; lastKnownFileType = sourcecode.cpp.cpp; path = Spell.cpp; sourceTree = "<group>"; };
		4A1C9D9512796B9A00537579 /* FlyingStar.h */ = {isa = PBXFileReference; fileEncoding = 4; lastKnownFileType = sourcecode.c.h; path = FlyingStar.h; sourceTree = "<group>"; };
		4A1C9D9612796B9A00537579 /* FlyingStar.cpp */ = {isa = PBXFileReference; fileEncoding = 4; lastKnownFileType = sourcecode.cpp.cpp; path = FlyingStar.cpp; sourceTree = "<group>"; };
		4A56B46C127451A800FC7963 /* define.h */ = {isa = PBXFileReference; fileEncoding = 4; lastKnownFileType = sourcecode.c.h; path = define.h; sourceTree = "<group>"; };
		4A56B4701274540400FC7963 /* TileMap.h */ = {isa = PBXFileReference; fileEncoding = 4; lastKnownFileType = sourcecode.c.h; path = TileMap.h; sourceTree = "<group>"; };
		4A56B4711274540400FC7963 /* TileMap.cpp */ = {isa = PBXFileReference; fileEncoding = 4; lastKnownFileType = sourcecode.cpp.cpp; path = TileMap.cpp; sourceTree = "<group>"; };
		4A7117FF128055480001A83C /* WizardBattleServer-Info.plist */ = {isa = PBXFileReference; lastKnownFileType = text.xml; path = "WizardBattleServer-Info.plist"; sourceTree = "<group>"; };
		4A7EF7871274E85200A6DD0B /* tinystr.cpp */ = {isa = PBXFileReference; fileEncoding = 30; lastKnownFileType = sourcecode.cpp.cpp; path = tinystr.cpp; sourceTree = "<group>"; };
		4A7EF7881274E85200A6DD0B /* tinystr.h */ = {isa = PBXFileReference; fileEncoding = 30; lastKnownFileType = sourcecode.c.h; path = tinystr.h; sourceTree = "<group>"; };
		4A7EF78B1274E87E00A6DD0B /* tinyxml.cpp */ = {isa = PBXFileReference; fileEncoding = 30; lastKnownFileType = sourcecode.cpp.cpp; path = tinyxml.cpp; sourceTree = "<group>"; };
		4A7EF78C1274E87E00A6DD0B /* tinyxml.h */ = {isa = PBXFileReference; fileEncoding = 30; lastKnownFileType = sourcecode.c.h; path = tinyxml.h; sourceTree = "<group>"; };
		4A7EF78D1274E87E00A6DD0B /* tinyxmlerror.cpp */ = {isa = PBXFileReference; fileEncoding = 30; lastKnownFileType = sourcecode.cpp.cpp; path = tinyxmlerror.cpp; sourceTree = "<group>"; };
		4A7EF78E1274E87E00A6DD0B /* tinyxmlparser.cpp */ = {isa = PBXFileReference; fileEncoding = 30; lastKnownFileType = sourcecode.cpp.cpp; path = tinyxmlparser.cpp; sourceTree = "<group>"; };
		4A8C14881275B75E00EA02C7 /* Data */ = {isa = PBXFileReference; lastKnownFileType = folder; path = Data; sourceTree = "<group>"; };
		4A93FF541274610300DBC6F8 /* ImageManager.h */ = {isa = PBXFileReference; fileEncoding = 4; lastKnownFileType = sourcecode.c.h; path = ImageManager.h; sourceTree = "<group>"; };
		4A93FF551274610300DBC6F8 /* ImageManager.cpp */ = {isa = PBXFileReference; fileEncoding = 4; lastKnownFileType = sourcecode.cpp.cpp; path = ImageManager.cpp; sourceTree = "<group>"; };
		4A93FF631274652E00DBC6F8 /* AnimatedSprite.h */ = {isa = PBXFileReference; fileEncoding = 4; lastKnownFileType = sourcecode.c.h; path = AnimatedSprite.h; sourceTree = "<group>"; };
		4A93FF641274652E00DBC6F8 /* AnimatedSprite.cpp */ = {isa = PBXFileReference; fileEncoding = 4; lastKnownFileType = sourcecode.cpp.cpp; path = AnimatedSprite.cpp; sourceTree = "<group>"; };
		4AA0058B1279DF95007CA3D1 /* Collisionable.h */ = {isa = PBXFileReference; fileEncoding = 4; lastKnownFileType = sourcecode.c.h; path = Collisionable.h; sourceTree = "<group>"; };
		4AA0058C1279DF95007CA3D1 /* Collisionable.cpp */ = {isa = PBXFileReference; fileEncoding = 4; lastKnownFileType = sourcecode.cpp.cpp; path = Collisionable.cpp; sourceTree = "<group>"; };
		4AA005B91279E2E7007CA3D1 /* CollisionManager.h */ = {isa = PBXFileReference; fileEncoding = 4; lastKnownFileType = sourcecode.c.h; path = CollisionManager.h; sourceTree = "<group>"; };
		4AA005BA1279E2E7007CA3D1 /* CollisionManager.cpp */ = {isa = PBXFileReference; fileEncoding = 4; lastKnownFileType = sourcecode.cpp.cpp; path = CollisionManager.cpp; sourceTree = "<group>"; };
		4AC99C4312748E0C0052173D /* Wizard.h */ = {isa = PBXFileReference; fileEncoding = 4; lastKnownFileType = sourcecode.c.h; path = Wizard.h; sourceTree = "<group>"; };
		4AC99C4412748E0C0052173D /* Wizard.cpp */ = {isa = PBXFileReference; fileEncoding = 4; lastKnownFileType = sourcecode.cpp.cpp; path = Wizard.cpp; sourceTree = "<group>"; };
		4AE491E6127AC4AC007D1DC7 /* Rune.h */ = {isa = PBXFileReference; fileEncoding = 4; lastKnownFileType = sourcecode.c.h; path = Rune.h; sourceTree = "<group>"; };
		4AE491E7127AC4AC007D1DC7 /* Rune.cpp */ = {isa = PBXFileReference; fileEncoding = 4; lastKnownFileType = sourcecode.cpp.cpp; path = Rune.cpp; sourceTree = "<group>"; };
		4AE492D4127B2383007D1DC7 /* SpeedBuff.h */ = {isa = PBXFileReference; fileEncoding = 4; lastKnownFileType = sourcecode.c.h; path = SpeedBuff.h; sourceTree = "<group>"; };
		4AE492D5127B2383007D1DC7 /* SpeedBuff.cpp */ = {isa = PBXFileReference; fileEncoding = 4; lastKnownFileType = sourcecode.cpp.cpp; path = SpeedBuff.cpp; sourceTree = "<group>"; };
		4AE493BE127B337E007D1DC7 /* Teleportation.h */ = {isa = PBXFileReference; fileEncoding = 4; lastKnownFileType = sourcecode.c.h; path = Teleportation.h; sourceTree = "<group>"; };
		4AE493BF127B337E007D1DC7 /* Teleportation.cpp */ = {isa = PBXFileReference; fileEncoding = 4; lastKnownFileType = sourcecode.cpp.cpp; path = Teleportation.cpp; sourceTree = "<group>"; };
		A01FB6A90F07CF6E000AAC7B /* WizardBattle.app */ = {isa = PBXFileReference; explicitFileType = wrapper.application; includeInIndex = 0; path = WizardBattle.app; sourceTree = BUILT_PRODUCTS_DIR; };
		A01FB6AC0F07CF6E000AAC7B /* Info.plist */ = {isa = PBXFileReference; lastKnownFileType = text.xml; path = Info.plist; sourceTree = "<group>"; };
		A01FB6C80F07CFCE000AAC7B /* main.cpp */ = {isa = PBXFileReference; fileEncoding = 30; lastKnownFileType = sourcecode.cpp.cpp; path = main.cpp; sourceTree = "<group>"; };
		A01FB6CA0F07CFF2000AAC7B /* sfml-graphics.framework */ = {isa = PBXFileReference; lastKnownFileType = wrapper.framework; name = "sfml-graphics.framework"; path = "/Library/Frameworks/sfml-graphics.framework"; sourceTree = "<absolute>"; };
		A01FB6CB0F07CFF2000AAC7B /* sfml-system.framework */ = {isa = PBXFileReference; lastKnownFileType = wrapper.framework; name = "sfml-system.framework"; path = "/Library/Frameworks/sfml-system.framework"; sourceTree = "<absolute>"; };
		A01FB6CC0F07CFF2000AAC7B /* sfml-window.framework */ = {isa = PBXFileReference; lastKnownFileType = wrapper.framework; name = "sfml-window.framework"; path = "/Library/Frameworks/sfml-window.framework"; sourceTree = "<absolute>"; };
		A01FB6CD0F07CFF2000AAC7B /* SFML.framework */ = {isa = PBXFileReference; lastKnownFileType = wrapper.framework; name = SFML.framework; path = /Library/Frameworks/SFML.framework; sourceTree = "<absolute>"; };
/* End PBXFileReference section */

/* Begin PBXFrameworksBuildPhase section */
		A01FB6A70F07CF6E000AAC7B /* Frameworks */ = {
			isa = PBXFrameworksBuildPhase;
			buildActionMask = 2147483647;
			files = (
				A01FB6CE0F07CFF2000AAC7B /* sfml-graphics.framework in Frameworks */,
				A01FB6CF0F07CFF2000AAC7B /* sfml-system.framework in Frameworks */,
				A01FB6D00F07CFF2000AAC7B /* sfml-window.framework in Frameworks */,
			);
			runOnlyForDeploymentPostprocessing = 0;
		};
/* End PBXFrameworksBuildPhase section */

/* Begin PBXGroup section */
		4A8C144B1275AF3100EA02C7 /* TinyXML */ = {
			isa = PBXGroup;
			children = (
				4A7EF78B1274E87E00A6DD0B /* tinyxml.cpp */,
				4A7EF78C1274E87E00A6DD0B /* tinyxml.h */,
				4A7EF78D1274E87E00A6DD0B /* tinyxmlerror.cpp */,
				4A7EF78E1274E87E00A6DD0B /* tinyxmlparser.cpp */,
				4A7EF7871274E85200A6DD0B /* tinystr.cpp */,
				4A7EF7881274E85200A6DD0B /* tinystr.h */,
			);
			name = TinyXML;
			sourceTree = "<group>";
		};
		4AE491E5127AC487007D1DC7 /* Spells */ = {
			isa = PBXGroup;
			children = (
				4A1C9D6C1279696100537579 /* Spell.h */,
				4A1C9D6D1279696100537579 /* Spell.cpp */,
				4A1C9D9512796B9A00537579 /* FlyingStar.h */,
				4A1C9D9612796B9A00537579 /* FlyingStar.cpp */,
				4AE491E6127AC4AC007D1DC7 /* Rune.h */,
				4AE491E7127AC4AC007D1DC7 /* Rune.cpp */,
				4AE492D4127B2383007D1DC7 /* SpeedBuff.h */,
				4AE492D5127B2383007D1DC7 /* SpeedBuff.cpp */,
				4AE493BE127B337E007D1DC7 /* Teleportation.h */,
				4AE493BF127B337E007D1DC7 /* Teleportation.cpp */,
			);
			name = Spells;
			sourceTree = "<group>";
		};
		A01FB69A0F07CF63000AAC7B = {
			isa = PBXGroup;
			children = (
				A01FB6B20F07CF80000AAC7B /* Sources */,
				A01FB6B10F07CF7C000AAC7B /* Resources */,
				A01FB6B00F07CF75000AAC7B /* Frameworks */,
				A01FB6AA0F07CF6E000AAC7B /* Products */,
				4A7117FF128055480001A83C /* WizardBattleServer-Info.plist */,
			);
			sourceTree = "<group>";
		};
		A01FB6AA0F07CF6E000AAC7B /* Products */ = {
			isa = PBXGroup;
			children = (
				A01FB6A90F07CF6E000AAC7B /* WizardBattle.app */,
			);
			name = Products;
			sourceTree = "<group>";
		};
		A01FB6B00F07CF75000AAC7B /* Frameworks */ = {
			isa = PBXGroup;
			children = (
				A01FB6CD0F07CFF2000AAC7B /* SFML.framework */,
				A01FB6CB0F07CFF2000AAC7B /* sfml-system.framework */,
				A01FB6CC0F07CFF2000AAC7B /* sfml-window.framework */,
				A01FB6CA0F07CFF2000AAC7B /* sfml-graphics.framework */,
			);
			name = Frameworks;
			sourceTree = "<group>";
		};
		A01FB6B10F07CF7C000AAC7B /* Resources */ = {
			isa = PBXGroup;
			children = (
				4A8C14881275B75E00EA02C7 /* Data */,
				A01FB6AC0F07CF6E000AAC7B /* Info.plist */,
			);
			name = Resources;
			sourceTree = "<group>";
		};
		A01FB6B20F07CF80000AAC7B /* Sources */ = {
			isa = PBXGroup;
			children = (
				4AE491E5127AC487007D1DC7 /* Spells */,
				4A8C144B1275AF3100EA02C7 /* TinyXML */,
				A01FB6C80F07CFCE000AAC7B /* main.cpp */,
				4A56B46C127451A800FC7963 /* define.h */,
				4A56B4701274540400FC7963 /* TileMap.h */,
				4A56B4711274540400FC7963 /* TileMap.cpp */,
				4A93FF541274610300DBC6F8 /* ImageManager.h */,
				4A93FF551274610300DBC6F8 /* ImageManager.cpp */,
				4A93FF631274652E00DBC6F8 /* AnimatedSprite.h */,
				4A93FF641274652E00DBC6F8 /* AnimatedSprite.cpp */,
				4AC99C4312748E0C0052173D /* Wizard.h */,
				4AC99C4412748E0C0052173D /* Wizard.cpp */,
				4AA0058B1279DF95007CA3D1 /* Collisionable.h */,
				4AA0058C1279DF95007CA3D1 /* Collisionable.cpp */,
				4AA005B91279E2E7007CA3D1 /* CollisionManager.h */,
				4AA005BA1279E2E7007CA3D1 /* CollisionManager.cpp */,
			);
			name = Sources;
			sourceTree = "<group>";
		};
/* End PBXGroup section */

/* Begin PBXNativeTarget section */
		A01FB6A80F07CF6E000AAC7B /* WizardBattle */ = {
			isa = PBXNativeTarget;
			buildConfigurationList = A01FB6AF0F07CF6F000AAC7B /* Build configuration list for PBXNativeTarget "WizardBattle" */;
			buildPhases = (
				A01FB6A50F07CF6E000AAC7B /* Resources */,
				A01FB6A60F07CF6E000AAC7B /* Sources */,
				A01FB6A70F07CF6E000AAC7B /* Frameworks */,
				A0072AF00F1D0EDD00B4A594 /* Copy Frameworks */,
			);
			buildRules = (
			);
			dependencies = (
			);
			name = WizardBattle;
			productName = WizardBattle;
			productReference = A01FB6A90F07CF6E000AAC7B /* WizardBattle.app */;
			productType = "com.apple.product-type.application";
		};
/* End PBXNativeTarget section */

/* Begin PBXProject section */
		A01FB69C0F07CF63000AAC7B /* Project object */ = {
			isa = PBXProject;
			buildConfigurationList = A01FB69F0F07CF63000AAC7B /* Build configuration list for PBXProject "WizardBattle" */;
			compatibilityVersion = "Xcode 2.4";
			hasScannedForEncodings = 0;
			mainGroup = A01FB69A0F07CF63000AAC7B;
			productRefGroup = A01FB6AA0F07CF6E000AAC7B /* Products */;
			projectDirPath = "";
			projectRoot = "";
			targets = (
				A01FB6A80F07CF6E000AAC7B /* WizardBattle */,
			);
		};
/* End PBXProject section */

/* Begin PBXResourcesBuildPhase section */
		A01FB6A50F07CF6E000AAC7B /* Resources */ = {
			isa = PBXResourcesBuildPhase;
			buildActionMask = 2147483647;
			files = (
				4A8C149E1275B75E00EA02C7 /* Data in Resources */,
			);
			runOnlyForDeploymentPostprocessing = 0;
		};
/* End PBXResourcesBuildPhase section */

/* Begin PBXSourcesBuildPhase section */
		A01FB6A60F07CF6E000AAC7B /* Sources */ = {
			isa = PBXSourcesBuildPhase;
			buildActionMask = 2147483647;
			files = (
				A01FB6C90F07CFCE000AAC7B /* main.cpp in Sources */,
				4A56B4731274540400FC7963 /* TileMap.cpp in Sources */,
				4A93FF571274610300DBC6F8 /* ImageManager.cpp in Sources */,
				4A93FF661274652E00DBC6F8 /* AnimatedSprite.cpp in Sources */,
				4AC99C4612748E0C0052173D /* Wizard.cpp in Sources */,
				4A7EF7891274E85200A6DD0B /* tinystr.cpp in Sources */,
				4A7EF7901274E87E00A6DD0B /* tinyxml.cpp in Sources */,
				4A7EF7921274E87E00A6DD0B /* tinyxmlerror.cpp in Sources */,
				4A7EF7931274E87E00A6DD0B /* tinyxmlparser.cpp in Sources */,
				4A1C9D6F1279696100537579 /* Spell.cpp in Sources */,
				4A1C9D9812796B9A00537579 /* FlyingStar.cpp in Sources */,
				4AA0058E1279DF95007CA3D1 /* Collisionable.cpp in Sources */,
				4AA005BC1279E2E7007CA3D1 /* CollisionManager.cpp in Sources */,
				4AE491E9127AC4AC007D1DC7 /* Rune.cpp in Sources */,
				4AE492D7127B2383007D1DC7 /* SpeedBuff.cpp in Sources */,
				4AE493C1127B337E007D1DC7 /* Teleportation.cpp in Sources */,
			);
			runOnlyForDeploymentPostprocessing = 0;
		};
/* End PBXSourcesBuildPhase section */

/* Begin XCBuildConfiguration section */
		A01FB69D0F07CF63000AAC7B /* Debug */ = {
			isa = XCBuildConfiguration;
			buildSettings = {
				COPY_PHASE_STRIP = NO;
				GCC_OPTIMIZATION_LEVEL = 3;
			};
			name = Debug;
		};
		A01FB69E0F07CF63000AAC7B /* Release */ = {
			isa = XCBuildConfiguration;
			buildSettings = {
				COPY_PHASE_STRIP = YES;
				GCC_OPTIMIZATION_LEVEL = 3;
			};
			name = Release;
		};
		A01FB6AD0F07CF6F000AAC7B /* Debug */ = {
			isa = XCBuildConfiguration;
			buildSettings = {
				ALWAYS_SEARCH_USER_PATHS = NO;
				COPY_PHASE_STRIP = NO;
				GCC_DYNAMIC_NO_PIC = NO;
				GCC_ENABLE_FIX_AND_CONTINUE = YES;
				GCC_MODEL_TUNING = G5;
				GCC_OPTIMIZATION_LEVEL = 0;
				INFOPLIST_FILE = Info.plist;
				INSTALL_PATH = "$(HOME)/Applications";
				PREBINDING = NO;
				PRODUCT_NAME = WizardBattle;
			};
			name = Debug;
		};
		A01FB6AE0F07CF6F000AAC7B /* Release */ = {
			isa = XCBuildConfiguration;
			buildSettings = {
				ALWAYS_SEARCH_USER_PATHS = NO;
				COPY_PHASE_STRIP = YES;
				DEBUG_INFORMATION_FORMAT = "dwarf-with-dsym";
				GCC_ENABLE_FIX_AND_CONTINUE = NO;
				GCC_MODEL_TUNING = G5;
				INFOPLIST_FILE = Info.plist;
				INSTALL_PATH = "$(HOME)/Applications";
				PREBINDING = NO;
				PRODUCT_NAME = WizardBattle;
				ZERO_LINK = NO;
			};
			name = Release;
		};
/* End XCBuildConfiguration section */

/* Begin XCConfigurationList section */
		A01FB69F0F07CF63000AAC7B /* Build configuration list for PBXProject "WizardBattle" */ = {
			isa = XCConfigurationList;
			buildConfigurations = (
				A01FB69D0F07CF63000AAC7B /* Debug */,
				A01FB69E0F07CF63000AAC7B /* Release */,
			);
			defaultConfigurationIsVisible = 0;
			defaultConfigurationName = Release;
		};
		A01FB6AF0F07CF6F000AAC7B /* Build configuration list for PBXNativeTarget "WizardBattle" */ = {
			isa = XCConfigurationList;
			buildConfigurations = (
				A01FB6AD0F07CF6F000AAC7B /* Debug */,
				A01FB6AE0F07CF6F000AAC7B /* Release */,
			);
			defaultConfigurationIsVisible = 0;
			defaultConfigurationName = Release;
		};
/* End XCConfigurationList section */
	};
	rootObject = A01FB69C0F07CF63000AAC7B /* Project object */;
}
